
Microsoft Visual Studio Solution File, Format Version 12.00
# Visual Studio Version 17
VisualStudioVersion = 17.0.31919.166
MinimumVisualStudioVersion = 10.0.40219.1
Project("{9A19103F-16F7-4668-BE54-9A1E7A4F7556}") = "eLime.NetDaemonApps", "eLime.NetDaemonApps\eLime.NetDaemonApps.csproj", "{B03BCE5B-FD01-4DC8-B373-2EBD232E6AF4}"
EndProject
Project("{9A19103F-16F7-4668-BE54-9A1E7A4F7556}") = "eLime.NetDaemonApps.Domain", "eLime.NetDaemonApps.Domain\eLime.NetDaemonApps.Domain.csproj", "{988F5C31-F155-4F4D-BFE3-657C06D9B0B6}"
EndProject
Project("{9A19103F-16F7-4668-BE54-9A1E7A4F7556}") = "eLime.NetDaemonApps.Config", "eLime.NetDaemonApps.Config\eLime.NetDaemonApps.Config.csproj", "{FB7489FD-545F-4494-BBA6-8B65C932B964}"
EndProject
Project("{2150E333-8FDC-42A3-9474-1A3956D46DE8}") = "devops", "devops", "{F5C98263-49EE-45F3-8804-DB634CE9D657}"
	ProjectSection(SolutionItems) = preProject
		.github\workflows\build-test-docker.yaml = .github\workflows\build-test-docker.yaml
	EndProjectSection
EndProject
Project("{FAE04EC0-301F-11D3-BF4B-00C04F79EFBC}") = "eLime.NetDaemonApps.Tests", "eLime.NetDaemonApps.Tests\eLime.NetDaemonApps.Tests.csproj", "{70ADEA2F-1101-4094-8D55-19F4572FDA64}"
EndProject
Global
	GlobalSection(SolutionConfigurationPlatforms) = preSolution
		Debug|Any CPU = Debug|Any CPU
		Release|Any CPU = Release|Any CPU
	EndGlobalSection
	GlobalSection(ProjectConfigurationPlatforms) = postSolution
		{B03BCE5B-FD01-4DC8-B373-2EBD232E6AF4}.Debug|Any CPU.ActiveCfg = Debug|Any CPU
		{B03BCE5B-FD01-4DC8-B373-2EBD232E6AF4}.Debug|Any CPU.Build.0 = Debug|Any CPU
		{B03BCE5B-FD01-4DC8-B373-2EBD232E6AF4}.Release|Any CPU.ActiveCfg = Release|Any CPU
		{B03BCE5B-FD01-4DC8-B373-2EBD232E6AF4}.Release|Any CPU.Build.0 = Release|Any CPU
		{988F5C31-F155-4F4D-BFE3-657C06D9B0B6}.Debug|Any CPU.ActiveCfg = Debug|Any CPU
		{988F5C31-F155-4F4D-BFE3-657C06D9B0B6}.Debug|Any CPU.Build.0 = Debug|Any CPU
		{988F5C31-F155-4F4D-BFE3-657C06D9B0B6}.Release|Any CPU.ActiveCfg = Release|Any CPU
		{988F5C31-F155-4F4D-BFE3-657C06D9B0B6}.Release|Any CPU.Build.0 = Release|Any CPU
		{FB7489FD-545F-4494-BBA6-8B65C932B964}.Debug|Any CPU.ActiveCfg = Debug|Any CPU
		{FB7489FD-545F-4494-BBA6-8B65C932B964}.Debug|Any CPU.Build.0 = Debug|Any CPU
		{FB7489FD-545F-4494-BBA6-8B65C932B964}.Release|Any CPU.ActiveCfg = Release|Any CPU
		{FB7489FD-545F-4494-BBA6-8B65C932B964}.Release|Any CPU.Build.0 = Release|Any CPU
		{70ADEA2F-1101-4094-8D55-19F4572FDA64}.Debug|Any CPU.ActiveCfg = Debug|Any CPU
		{70ADEA2F-1101-4094-8D55-19F4572FDA64}.Debug|Any CPU.Build.0 = Debug|Any CPU
		{70ADEA2F-1101-4094-8D55-19F4572FDA64}.Release|Any CPU.ActiveCfg = Release|Any CPU
		{70ADEA2F-1101-4094-8D55-19F4572FDA64}.Release|Any CPU.Build.0 = Release|Any CPU
	EndGlobalSection
	GlobalSection(SolutionProperties) = preSolution
		HideSolutionNode = FALSE
	EndGlobalSection
	GlobalSection(ExtensibilityGlobals) = postSolution
		SolutionGuid = {684B2C3D-FF52-468E-9252-E19F2EBA4330}
	EndGlobalSection
EndGlobal
