
Microsoft Visual Studio Solution File, Format Version 12.00
# Visual Studio Version 17
VisualStudioVersion = 17.0.31919.166
MinimumVisualStudioVersion = 10.0.40219.1
Project("{9A19103F-16F7-4668-BE54-9A1E7A4F7556}") = "FlexiLights", "FlexiLights.csproj", "{B03BCE5B-FD01-4DC8-B373-2EBD232E6AF4}"
EndProject
Project("{FAE04EC0-301F-11D3-BF4B-00C04F79EFBC}") = "FlexiLights.Data", "..\FlexiLights.Data\FlexiLights.Data.csproj", "{988F5C31-F155-4F4D-BFE3-657C06D9B0B6}"
EndProject
Project("{FAE04EC0-301F-11D3-BF4B-00C04F79EFBC}") = "FlexiLights.Config", "..\FlexiLights.Config\FlexiLights.Config.csproj", "{FB7489FD-545F-4494-BBA6-8B65C932B964}"
EndProject
Global
	GlobalSection(SolutionConfigurationPlatforms) = preSolution
		Debug|Any CPU = Debug|Any CPU
		Release|Any CPU = Release|Any CPU
	EndGlobalSection
	GlobalSection(ProjectConfigurationPlatforms) = postSolution
		{B03BCE5B-FD01-4DC8-B373-2EBD232E6AF4}.Debug|Any CPU.ActiveCfg = Debug|Any CPU
		{B03BCE5B-FD01-4DC8-B373-2EBD232E6AF4}.Debug|Any CPU.Build.0 = Debug|Any CPU
		{B03BCE5B-FD01-4DC8-B373-2EBD232E6AF4}.Release|Any CPU.ActiveCfg = Release|Any CPU
		{B03BCE5B-FD01-4DC8-B373-2EBD232E6AF4}.Release|Any CPU.Build.0 = Release|Any CPU
		{988F5C31-F155-4F4D-BFE3-657C06D9B0B6}.Debug|Any CPU.ActiveCfg = Debug|Any CPU
		{988F5C31-F155-4F4D-BFE3-657C06D9B0B6}.Debug|Any CPU.Build.0 = Debug|Any CPU
		{988F5C31-F155-4F4D-BFE3-657C06D9B0B6}.Release|Any CPU.ActiveCfg = Release|Any CPU
		{988F5C31-F155-4F4D-BFE3-657C06D9B0B6}.Release|Any CPU.Build.0 = Release|Any CPU
		{FB7489FD-545F-4494-BBA6-8B65C932B964}.Debug|Any CPU.ActiveCfg = Debug|Any CPU
		{FB7489FD-545F-4494-BBA6-8B65C932B964}.Debug|Any CPU.Build.0 = Debug|Any CPU
		{FB7489FD-545F-4494-BBA6-8B65C932B964}.Release|Any CPU.ActiveCfg = Release|Any CPU
		{FB7489FD-545F-4494-BBA6-8B65C932B964}.Release|Any CPU.Build.0 = Release|Any CPU
	EndGlobalSection
	GlobalSection(SolutionProperties) = preSolution
		HideSolutionNode = FALSE
	EndGlobalSection
	GlobalSection(ExtensibilityGlobals) = postSolution
		SolutionGuid = {684B2C3D-FF52-468E-9252-E19F2EBA4330}
	EndGlobalSection
EndGlobal
